
Microsoft Visual Studio Solution File, Format Version 12.00
# Visual Studio 15
VisualStudioVersion = 15.0.27428.2015
MinimumVisualStudioVersion = 10.0.40219.1
Project("{FAE04EC0-301F-11D3-BF4B-00C04F79EFBC}") = "Web", "WebApplication1\Web.csproj", "{5481F642-4907-44ED-8C45-9FD2C43BE7D5}"
EndProject
Global
	GlobalSection(SolutionConfigurationPlatforms) = preSolution
		Debug|Any CPU = Debug|Any CPU
		Release|Any CPU = Release|Any CPU
	EndGlobalSection
	GlobalSection(ProjectConfigurationPlatforms) = postSolution
		{5481F642-4907-44ED-8C45-9FD2C43BE7D5}.Debug|Any CPU.ActiveCfg = Debug|Any CPU
		{5481F642-4907-44ED-8C45-9FD2C43BE7D5}.Debug|Any CPU.Build.0 = Debug|Any CPU
		{5481F642-4907-44ED-8C45-9FD2C43BE7D5}.Release|Any CPU.ActiveCfg = Release|Any CPU
		{5481F642-4907-44ED-8C45-9FD2C43BE7D5}.Release|Any CPU.Build.0 = Release|Any CPU
	EndGlobalSection
	GlobalSection(SolutionProperties) = preSolution
		HideSolutionNode = FALSE
	EndGlobalSection
	GlobalSection(ExtensibilityGlobals) = postSolution
		SolutionGuid = {3410D8B7-4E6B-418D-8BA5-0E84243D1831}
	EndGlobalSection
EndGlobal
